
Microsoft Visual Studio Solution File, Format Version 12.00
# Visual Studio 14
VisualStudioVersion = 14.0.25420.1
MinimumVisualStudioVersion = 10.0.40219.1
Project("{FAE04EC0-301F-11D3-BF4B-00C04F79EFBC}") = "CalculatorWCFService", "CalculatorWCFService\CalculatorWCFService.csproj", "{93122C94-17E3-418C-9747-4C2382E30704}"
EndProject
Project("{FAE04EC0-301F-11D3-BF4B-00C04F79EFBC}") = "CalculatorClient", "CalculatorClient\CalculatorClient.csproj", "{2A1D4340-CB39-4936-A914-86FB456F2DA0}"
	ProjectSection(ProjectDependencies) = postProject
		{93122C94-17E3-418C-9747-4C2382E30704} = {93122C94-17E3-418C-9747-4C2382E30704}
	EndProjectSection
EndProject
Global
	GlobalSection(SolutionConfigurationPlatforms) = preSolution
		Debug|Any CPU = Debug|Any CPU
		Release|Any CPU = Release|Any CPU
	EndGlobalSection
	GlobalSection(ProjectConfigurationPlatforms) = postSolution
		{93122C94-17E3-418C-9747-4C2382E30704}.Debug|Any CPU.ActiveCfg = Debug|Any CPU
		{93122C94-17E3-418C-9747-4C2382E30704}.Debug|Any CPU.Build.0 = Debug|Any CPU
		{93122C94-17E3-418C-9747-4C2382E30704}.Release|Any CPU.ActiveCfg = Release|Any CPU
		{93122C94-17E3-418C-9747-4C2382E30704}.Release|Any CPU.Build.0 = Release|Any CPU
		{2A1D4340-CB39-4936-A914-86FB456F2DA0}.Debug|Any CPU.ActiveCfg = Debug|Any CPU
		{2A1D4340-CB39-4936-A914-86FB456F2DA0}.Debug|Any CPU.Build.0 = Debug|Any CPU
		{2A1D4340-CB39-4936-A914-86FB456F2DA0}.Release|Any CPU.ActiveCfg = Release|Any CPU
		{2A1D4340-CB39-4936-A914-86FB456F2DA0}.Release|Any CPU.Build.0 = Release|Any CPU
	EndGlobalSection
	GlobalSection(SolutionProperties) = preSolution
		HideSolutionNode = FALSE
	EndGlobalSection
EndGlobal
